
Microsoft Visual Studio Solution File, Format Version 12.00
# Visual Studio Version 17
VisualStudioVersion = 17.8.34322.80
MinimumVisualStudioVersion = 10.0.40219.1
Project("{FAE04EC0-301F-11D3-BF4B-00C04F79EFBC}") = "NewWordle", "NewWordle\NewWordle.csproj", "{54B28436-58BC-46D6-889E-A82D1B488D1B}"
EndProject
Global
	GlobalSection(SolutionConfigurationPlatforms) = preSolution
		Debug|Any CPU = Debug|Any CPU
		Release|Any CPU = Release|Any CPU
	EndGlobalSection
	GlobalSection(ProjectConfigurationPlatforms) = postSolution
		{54B28436-58BC-46D6-889E-A82D1B488D1B}.Debug|Any CPU.ActiveCfg = Debug|Any CPU
		{54B28436-58BC-46D6-889E-A82D1B488D1B}.Debug|Any CPU.Build.0 = Debug|Any CPU
		{54B28436-58BC-46D6-889E-A82D1B488D1B}.Release|Any CPU.ActiveCfg = Release|Any CPU
		{54B28436-58BC-46D6-889E-A82D1B488D1B}.Release|Any CPU.Build.0 = Release|Any CPU
	EndGlobalSection
	GlobalSection(SolutionProperties) = preSolution
		HideSolutionNode = FALSE
	EndGlobalSection
	GlobalSection(ExtensibilityGlobals) = postSolution
		SolutionGuid = {59374E37-6520-488E-BABF-A4844532E9F9}
	EndGlobalSection
EndGlobal
